
Microsoft Visual Studio Solution File, Format Version 12.00
Project("{FAE04EC0-301F-11D3-BF4B-00C04F79EFBC}") = "HashMap_Dictionary_Implementation", "HashMap_Dictionary_Implementation\HashMap_Dictionary_Implementation.csproj", "{128DCAA4-ECDA-4881-9A7F-5FD6FAC4A316}"
EndProject
Global
	GlobalSection(SolutionConfigurationPlatforms) = preSolution
		Debug|Any CPU = Debug|Any CPU
		Release|Any CPU = Release|Any CPU
	EndGlobalSection
	GlobalSection(ProjectConfigurationPlatforms) = postSolution
		{128DCAA4-ECDA-4881-9A7F-5FD6FAC4A316}.Debug|Any CPU.ActiveCfg = Debug|Any CPU
		{128DCAA4-ECDA-4881-9A7F-5FD6FAC4A316}.Debug|Any CPU.Build.0 = Debug|Any CPU
		{128DCAA4-ECDA-4881-9A7F-5FD6FAC4A316}.Release|Any CPU.ActiveCfg = Release|Any CPU
		{128DCAA4-ECDA-4881-9A7F-5FD6FAC4A316}.Release|Any CPU.Build.0 = Release|Any CPU
	EndGlobalSection
EndGlobal
