
Microsoft Visual Studio Solution File, Format Version 12.00
Project("{FAE04EC0-301F-11D3-BF4B-00C04F79EFBC}") = "LRU Cache", "LRU Cache\LRU Cache.csproj", "{AE4DC5C8-B025-4192-8E45-22B6A98EC061}"
EndProject
Global
	GlobalSection(SolutionConfigurationPlatforms) = preSolution
		Debug|Any CPU = Debug|Any CPU
		Release|Any CPU = Release|Any CPU
	EndGlobalSection
	GlobalSection(ProjectConfigurationPlatforms) = postSolution
		{AE4DC5C8-B025-4192-8E45-22B6A98EC061}.Debug|Any CPU.ActiveCfg = Debug|Any CPU
		{AE4DC5C8-B025-4192-8E45-22B6A98EC061}.Debug|Any CPU.Build.0 = Debug|Any CPU
		{AE4DC5C8-B025-4192-8E45-22B6A98EC061}.Release|Any CPU.ActiveCfg = Release|Any CPU
		{AE4DC5C8-B025-4192-8E45-22B6A98EC061}.Release|Any CPU.Build.0 = Release|Any CPU
	EndGlobalSection
EndGlobal
